Microsoft Visual Studio Solution File, Format Version 12.00
# Visual Studio Version 17
VisualStudioVersion = 17.0.31903.59
MinimumVisualStudioVersion = 10.0.40219.1
Project("{FAE04EC0-301F-11D3-BF4B-00C04F79EFBC}") = "EverySecondTurnSolver", "EverySecondTurnSolver\EverySecondTurnSolver.csproj", "{8A55D112-E590-411E-B943-20700C323631}"
EndProject
Project("{FAE04EC0-301F-11D3-BF4B-00C04F79EFBC}") = "EverySecondTurnSolver.Tests", "EverySecondTurnSolver.Tests\EverySecondTurnSolver.Tests.csproj", "{2008E2E1-48A0-4096-91D5-DEF962B9E3AF}"
EndProject
Global
	GlobalSection(SolutionConfigurationPlatforms) = preSolution
		Debug|Any CPU = Debug|Any CPU
		Release|Any CPU = Release|Any CPU
	EndGlobalSection
	GlobalSection(ProjectConfigurationPlatforms) = postSolution
		{8A55D112-E590-411E-B943-20700C323631}.Debug|Any CPU.ActiveCfg = Debug|Any CPU
		{8A55D112-E590-411E-B943-20700C323631}.Debug|Any CPU.Build.0 = Debug|Any CPU
		{8A55D112-E590-411E-B943-20700C323631}.Release|Any CPU.ActiveCfg = Release|Any CPU
		{8A55D112-E590-411E-B943-20700C323631}.Release|Any CPU.Build.0 = Release|Any CPU
		{2008E2E1-48A0-4096-91D5-DEF962B9E3AF}.Debug|Any CPU.ActiveCfg = Debug|Any CPU
		{2008E2E1-48A0-4096-91D5-DEF962B9E3AF}.Debug|Any CPU.Build.0 = Debug|Any CPU
		{2008E2E1-48A0-4096-91D5-DEF962B9E3AF}.Release|Any CPU.ActiveCfg = Release|Any CPU
		{2008E2E1-48A0-4096-91D5-DEF962B9E3AF}.Release|Any CPU.Build.0 = Release|Any CPU
	EndGlobalSection
	GlobalSection(SolutionProperties) = preSolution
		HideSolutionNode = FALSE
	EndGlobalSection
EndGlobal
